{
  "version": 4,
  "terraform_version": "1.1.7",
  "serial": 395,
  "lineage": "cdc15589-a243-5289-4649-fe8271a6b25e",
  "outputs": {},
  "resources": [
    {
      "module": "module.naming",
      "mode": "managed",
      "type": "random_string",
      "name": "first_letter",
      "provider": "provider[\"registry.terraform.io/hashicorp/random\"]",
      "instances": [
        {
          "schema_version": 1,
          "attributes": {
            "id": "z",
            "keepers": null,
            "length": 1,
            "lower": true,
            "min_lower": 0,
            "min_numeric": 0,
            "min_special": 0,
            "min_upper": 0,
            "number": false,
            "override_special": null,
            "result": "z",
            "special": false,
            "upper": false
          },
          "sensitive_attributes": [],
          "private": "eyJzY2hlbWFfdmVyc2lvbiI6IjEifQ=="
        }
      ]
    },
    {
      "module": "module.naming",
      "mode": "managed",
      "type": "random_string",
      "name": "main",
      "provider": "provider[\"registry.terraform.io/hashicorp/random\"]",
      "instances": [
        {
          "schema_version": 1,
          "attributes": {
            "id": "8d3cm5v7e837nk6s36efd12cgw0vl2xoz5il7o0qw1l1qfdnfjty0zpzapz6",
            "keepers": null,
            "length": 60,
            "lower": true,
            "min_lower": 0,
            "min_numeric": 0,
            "min_special": 0,
            "min_upper": 0,
            "number": true,
            "override_special": null,
            "result": "8d3cm5v7e837nk6s36efd12cgw0vl2xoz5il7o0qw1l1qfdnfjty0zpzapz6",
            "special": false,
            "upper": false
          },
          "sensitive_attributes": [],
          "private": "eyJzY2hlbWFfdmVyc2lvbiI6IjEifQ=="
        }
      ]
    },
    {
      "module": "module.storage_account",
      "mode": "managed",
      "type": "azurerm_storage_account",
      "name": "sa",
      "provider": "provider[\"registry.terraform.io/hashicorp/azurerm\"]",
      "instances": [
        {
          "schema_version": 2,
          "attributes": {
            "access_tier": "Hot",
            "account_kind": "StorageV2",
            "account_replication_type": "GRS",
            "account_tier": "Standard",
            "allow_blob_public_access": false,
            "azure_files_authentication": [],
            "blob_properties": [
              {
                "change_feed_enabled": false,
                "container_delete_retention_policy": [],
                "cors_rule": [],
                "default_service_version": "",
                "delete_retention_policy": [],
                "last_access_time_enabled": false,
                "versioning_enabled": false
              }
            ],
            "custom_domain": [],
            "customer_managed_key": [],
            "enable_https_traffic_only": true,
            "id": "/subscriptions/b5d78098-fdad-47e1-b1ee-ecaab2031eb1/resourceGroups/Personal/providers/Microsoft.Storage/storageAccounts/statfdemosa2x2x1",
            "identity": [],
            "infrastructure_encryption_enabled": false,
            "is_hns_enabled": false,
            "large_file_share_enabled": null,
            "location": "westeurope",
            "min_tls_version": "TLS1_0",
            "name": "statfdemosa2x2x1",
            "network_rules": [
              {
                "bypass": [
                  "AzureServices"
                ],
                "default_action": "Allow",
                "ip_rules": [],
                "private_link_access": [],
                "virtual_network_subnet_ids": []
              }
            ],
            "nfsv3_enabled": false,
            "primary_access_key": "tjtuZwbwmNBcSvpP56LRPU/OZDxl7mPbjciSNOEc29I1BgHsSWpScfaP+8rOpV+PF9dBTNK+Xe86g2IY/66m/A==",
            "primary_blob_connection_string": "DefaultEndpointsProtocol=https;BlobEndpoint=https://statfdemosa2x2x1.blob.core.windows.net/;AccountName=statfdemosa2x2x1;AccountKey=tjtuZwbwmNBcSvpP56LRPU/OZDxl7mPbjciSNOEc29I1BgHsSWpScfaP+8rOpV+PF9dBTNK+Xe86g2IY/66m/A==",
            "primary_blob_endpoint": "https://statfdemosa2x2x1.blob.core.windows.net/",
            "primary_blob_host": "statfdemosa2x2x1.blob.core.windows.net",
            "primary_connection_string": "DefaultEndpointsProtocol=https;AccountName=statfdemosa2x2x1;AccountKey=tjtuZwbwmNBcSvpP56LRPU/OZDxl7mPbjciSNOEc29I1BgHsSWpScfaP+8rOpV+PF9dBTNK+Xe86g2IY/66m/A==;EndpointSuffix=core.windows.net",
            "primary_dfs_endpoint": "https://statfdemosa2x2x1.dfs.core.windows.net/",
            "primary_dfs_host": "statfdemosa2x2x1.dfs.core.windows.net",
            "primary_file_endpoint": "https://statfdemosa2x2x1.file.core.windows.net/",
            "primary_file_host": "statfdemosa2x2x1.file.core.windows.net",
            "primary_location": "westeurope",
            "primary_queue_endpoint": "https://statfdemosa2x2x1.queue.core.windows.net/",
            "primary_queue_host": "statfdemosa2x2x1.queue.core.windows.net",
            "primary_table_endpoint": "https://statfdemosa2x2x1.table.core.windows.net/",
            "primary_table_host": "statfdemosa2x2x1.table.core.windows.net",
            "primary_web_endpoint": "https://statfdemosa2x2x1.z6.web.core.windows.net/",
            "primary_web_host": "statfdemosa2x2x1.z6.web.core.windows.net",
            "queue_encryption_key_type": "Service",
            "queue_properties": [
              {
                "cors_rule": [],
                "hour_metrics": [
                  {
                    "enabled": true,
                    "include_apis": true,
                    "retention_policy_days": 7,
                    "version": "1.0"
                  }
                ],
                "logging": [
                  {
                    "delete": false,
                    "read": false,
                    "retention_policy_days": 0,
                    "version": "1.0",
                    "write": false
                  }
                ],
                "minute_metrics": [
                  {
                    "enabled": false,
                    "include_apis": false,
                    "retention_policy_days": 0,
                    "version": "1.0"
                  }
                ]
              }
            ],
            "resource_group_name": "Personal",
            "routing": [],
            "secondary_access_key": "wx7U7BeNEvEQY1V11iilyIclstETFXpMUwluJr1nY/EmsKiS5/LCuynW2UKKt2C3CcHBkr1cVpog/qgwQo+G2A==",
            "secondary_blob_connection_string": "",
            "secondary_blob_endpoint": null,
            "secondary_blob_host": null,
            "secondary_connection_string": "DefaultEndpointsProtocol=https;AccountName=statfdemosa2x2x1;AccountKey=wx7U7BeNEvEQY1V11iilyIclstETFXpMUwluJr1nY/EmsKiS5/LCuynW2UKKt2C3CcHBkr1cVpog/qgwQo+G2A==;EndpointSuffix=core.windows.net",
            "secondary_dfs_endpoint": null,
            "secondary_dfs_host": null,
            "secondary_file_endpoint": null,
            "secondary_file_host": null,
            "secondary_location": "northeurope",
            "secondary_queue_endpoint": null,
            "secondary_queue_host": null,
            "secondary_table_endpoint": null,
            "secondary_table_host": null,
            "secondary_web_endpoint": null,
            "secondary_web_host": null,
            "share_properties": [
              {
                "cors_rule": [],
                "retention_policy": [
                  {
                    "days": 7
                  }
                ],
                "smb": []
              }
            ],
            "shared_access_key_enabled": true,
            "static_website": [],
            "table_encryption_key_type": "Service",
            "tags": null,
            "timeouts": null
          },
          "sensitive_attributes": [],
          "private": "eyJlMmJmYjczMC1lY2FhLTExZTYtOGY4OC0zNDM2M2JjN2M0YzAiOnsiY3JlYXRlIjozNjAwMDAwMDAwMDAwLCJkZWxldGUiOjM2MDAwMDAwMDAwMDAsInJlYWQiOjMwMDAwMDAwMDAwMCwidXBkYXRlIjozNjAwMDAwMDAwMDAwfSwic2NoZW1hX3ZlcnNpb24iOiIyIn0="
        }
      ]
    },
    {
      "module": "module.virtual-machine",
      "mode": "managed",
      "type": "azurerm_network_interface",
      "name": "main",
      "provider": "provider[\"registry.terraform.io/hashicorp/azurerm\"]",
      "instances": [
        {
          "schema_version": 0,
          "attributes": {
            "applied_dns_servers": [],
            "dns_servers": [],
            "enable_accelerated_networking": false,
            "enable_ip_forwarding": false,
            "id": "/subscriptions/b5d78098-fdad-47e1-b1ee-ecaab2031eb1/resourceGroups/Personal/providers/Microsoft.Network/networkInterfaces/linuxvmrh-ni2",
            "internal_dns_name_label": "",
            "internal_domain_name_suffix": "e3bcx1hobkiubhcba2rvovztvg.ax.internal.cloudapp.net",
            "ip_configuration": [
              {
                "gateway_load_balancer_frontend_ip_configuration_id": "",
                "name": "linuxvmrh-publicip",
                "primary": true,
                "private_ip_address": "10.1.0.5",
                "private_ip_address_allocation": "Dynamic",
                "private_ip_address_version": "IPv4",
                "public_ip_address_id": "/subscriptions/b5d78098-fdad-47e1-b1ee-ecaab2031eb1/resourceGroups/Personal/providers/Microsoft.Network/publicIPAddresses/linuxvmrh-publicip",
                "subnet_id": "/subscriptions/b5d78098-fdad-47e1-b1ee-ecaab2031eb1/resourceGroups/Personal/providers/Microsoft.Network/virtualNetworks/Personal-vnet/subnets/default"
              }
            ],
            "location": "westeurope",
            "mac_address": "",
            "name": "linuxvmrh-ni2",
            "private_ip_address": "10.1.0.5",
            "private_ip_addresses": [
              "10.1.0.5"
            ],
            "resource_group_name": "Personal",
            "tags": {
              "Cloud": "server-interface",
              "Environment": "Terraform-Deploy"
            },
            "timeouts": null,
            "virtual_machine_id": ""
          },
          "sensitive_attributes": [],
          "private": "eyJlMmJmYjczMC1lY2FhLTExZTYtOGY4OC0zNDM2M2JjN2M0YzAiOnsiY3JlYXRlIjoxODAwMDAwMDAwMDAwLCJkZWxldGUiOjE4MDAwMDAwMDAwMDAsInJlYWQiOjMwMDAwMDAwMDAwMCwidXBkYXRlIjoxODAwMDAwMDAwMDAwfX0=",
          "dependencies": [
            "module.virtual-machine.azurerm_public_ip.main"
          ]
        }
      ]
    },
    {
      "module": "module.virtual-machine",
      "mode": "managed",
      "type": "azurerm_public_ip",
      "name": "main",
      "provider": "provider[\"registry.terraform.io/hashicorp/azurerm\"]",
      "instances": [
        {
          "index_key": 0,
          "schema_version": 0,
          "attributes": {
            "allocation_method": "Dynamic",
            "availability_zone": "No-Zone",
            "domain_name_label": null,
            "fqdn": null,
            "id": "/subscriptions/b5d78098-fdad-47e1-b1ee-ecaab2031eb1/resourceGroups/Personal/providers/Microsoft.Network/publicIPAddresses/linuxvmrh-publicip",
            "idle_timeout_in_minutes": 4,
            "ip_address": "",
            "ip_tags": null,
            "ip_version": "IPv4",
            "location": "westeurope",
            "name": "linuxvmrh-publicip",
            "public_ip_prefix_id": null,
            "resource_group_name": "Personal",
            "reverse_fqdn": null,
            "sku": "Basic",
            "sku_tier": "Regional",
            "tags": {
              "Cloud": "server-interface",
              "Environment": "Terraform-Deploy"
            },
            "timeouts": null,
            "zones": []
          },
          "sensitive_attributes": [],
          "private": "eyJlMmJmYjczMC1lY2FhLTExZTYtOGY4OC0zNDM2M2JjN2M0YzAiOnsiY3JlYXRlIjoxODAwMDAwMDAwMDAwLCJkZWxldGUiOjE4MDAwMDAwMDAwMDAsInJlYWQiOjMwMDAwMDAwMDAwMCwidXBkYXRlIjoxODAwMDAwMDAwMDAwfX0="
        }
      ]
    },
    {
      "module": "module.virtual-machine",
      "mode": "managed",
      "type": "azurerm_virtual_machine",
      "name": "main",
      "provider": "provider[\"registry.terraform.io/hashicorp/azurerm\"]",
      "instances": [
        {
          "schema_version": 0,
          "attributes": {
            "additional_capabilities": [],
            "availability_set_id": null,
            "boot_diagnostics": [],
            "delete_data_disks_on_termination": true,
            "delete_os_disk_on_termination": true,
            "id": "/subscriptions/b5d78098-fdad-47e1-b1ee-ecaab2031eb1/resourceGroups/Personal/providers/Microsoft.Compute/virtualMachines/linuxvmrh",
            "identity": [
              {
                "identity_ids": [],
                "principal_id": "cb028bda-e00c-400c-bcbc-0784349a2e57",
                "type": "SystemAssigned"
              }
            ],
            "license_type": null,
            "location": "westeurope",
            "name": "linuxvmrh",
            "network_interface_ids": [
              "/subscriptions/b5d78098-fdad-47e1-b1ee-ecaab2031eb1/resourceGroups/Personal/providers/Microsoft.Network/networkInterfaces/linuxvmrh-ni2"
            ],
            "os_profile": [
              {
                "admin_password": "",
                "admin_username": "fujitsu",
                "computer_name": "linuxvmrh",
                "custom_data": ""
              }
            ],
            "os_profile_linux_config": [
              {
                "disable_password_authentication": false,
                "ssh_keys": []
              }
            ],
            "os_profile_secrets": [],
            "os_profile_windows_config": [],
            "plan": [],
            "primary_network_interface_id": null,
            "proximity_placement_group_id": null,
            "resource_group_name": "Personal",
            "storage_data_disk": [],
            "storage_image_reference": [
              {
                "id": "",
                "offer": "Oracle-Linux",
                "publisher": "Oracle",
                "sku": "ol85-lvm-gen2",
                "version": "latest"
              }
            ],
            "storage_os_disk": [
              {
                "caching": "ReadWrite",
                "create_option": "FromImage",
                "disk_size_gb": 30,
                "image_uri": "",
                "managed_disk_id": "/subscriptions/b5d78098-fdad-47e1-b1ee-ecaab2031eb1/resourceGroups/Personal/providers/Microsoft.Compute/disks/linuxvmrh-OsDisk",
                "managed_disk_type": "Standard_LRS",
                "name": "linuxvmrh-OsDisk",
                "os_type": "Linux",
                "vhd_uri": "",
                "write_accelerator_enabled": false
              }
            ],
            "tags": {
              "environment": "staging"
            },
            "timeouts": null,
            "vm_size": "Standard_DS1_v2",
            "zones": null
          },
          "sensitive_attributes": [],
          "private": "eyJlMmJmYjczMC1lY2FhLTExZTYtOGY4OC0zNDM2M2JjN2M0YzAiOnsiY3JlYXRlIjozNjAwMDAwMDAwMDAwLCJkZWxldGUiOjM2MDAwMDAwMDAwMDAsInJlYWQiOjMwMDAwMDAwMDAwMCwidXBkYXRlIjozNjAwMDAwMDAwMDAwfX0=",
          "dependencies": [
            "module.virtual-machine.azurerm_network_interface.main",
            "module.virtual-machine.azurerm_public_ip.main"
          ]
        }
      ]
    },
    {
      "module": "module.virtual-machine",
      "mode": "managed",
      "type": "azurerm_virtual_machine_extension",
      "name": "main",
      "provider": "provider[\"registry.terraform.io/hashicorp/azurerm\"]",
      "instances": [
        {
          "schema_version": 0,
          "attributes": {
            "auto_upgrade_minor_version": false,
            "automatic_upgrade_enabled": false,
            "id": "/subscriptions/b5d78098-fdad-47e1-b1ee-ecaab2031eb1/resourceGroups/Personal/providers/Microsoft.Compute/virtualMachines/linuxvmrh/extensions/test-LinuxExtension",
            "name": "test-LinuxExtension",
            "protected_settings": null,
            "publisher": "Microsoft.Azure.Extensions",
            "settings": "{\"commandToExecute\":\"sh dns_script.sh\",\"fileUris\":[\"https://managementfujitsu.blob.core.windows.net/scripts/dns_script.sh\"]}",
            "tags": null,
            "timeouts": null,
            "type": "CustomScript",
            "type_handler_version": "2.1",
            "virtual_machine_id": "/subscriptions/b5d78098-fdad-47e1-b1ee-ecaab2031eb1/resourceGroups/Personal/providers/Microsoft.Compute/virtualMachines/linuxvmrh"
          },
          "sensitive_attributes": [],
          "private": "eyJlMmJmYjczMC1lY2FhLTExZTYtOGY4OC0zNDM2M2JjN2M0YzAiOnsiY3JlYXRlIjoxODAwMDAwMDAwMDAwLCJkZWxldGUiOjE4MDAwMDAwMDAwMDAsInJlYWQiOjMwMDAwMDAwMDAwMCwidXBkYXRlIjoxODAwMDAwMDAwMDAwfX0=",
          "dependencies": [
            "module.virtual-machine.azurerm_network_interface.main",
            "module.virtual-machine.azurerm_public_ip.main",
            "module.virtual-machine.azurerm_virtual_machine.main"
          ]
        }
      ]
    }
  ]
}
