{
  "version": 4,
  "terraform_version": "1.1.7",
  "serial": 218,
  "lineage": "a774d96d-c576-9407-3172-9a25dc391609",
  "outputs": {},
  "resources": [
    {
      "module": "module.availability-set",
      "mode": "managed",
      "type": "azurerm_availability_set",
      "name": "main",
      "provider": "provider[\"registry.terraform.io/hashicorp/azurerm\"]",
      "instances": [
        {
          "schema_version": 0,
          "attributes": {
            "id": "/subscriptions/b5d78098-fdad-47e1-b1ee-ecaab2031eb1/resourceGroups/Personal/providers/Microsoft.Compute/availabilitySets/ashubdnsfrc001",
            "location": "westeurope",
            "managed": true,
            "name": "ashubdnsfrc001",
            "platform_fault_domain_count": 3,
            "platform_update_domain_count": 5,
            "proximity_placement_group_id": null,
            "resource_group_name": "Personal",
            "tags": {
              "BackupEnabled": "",
              "Cloud": "Azure",
              "CostCenter": "",
              "CreationDate": "05/01/2022",
              "Department": "Networking",
              "Environment": "Production",
              "ExpirationDate": "Never",
              "MaintenanceWindows": "Yes",
              "Owner": "",
              "SLA": "",
              "Service": "",
              "SupportTeam": "Fujin"
            },
            "timeouts": null
          },
          "sensitive_attributes": [],
          "private": "eyJlMmJmYjczMC1lY2FhLTExZTYtOGY4OC0zNDM2M2JjN2M0YzAiOnsiY3JlYXRlIjoxODAwMDAwMDAwMDAwLCJkZWxldGUiOjE4MDAwMDAwMDAwMDAsInJlYWQiOjMwMDAwMDAwMDAwMCwidXBkYXRlIjoxODAwMDAwMDAwMDAwfX0="
        }
      ]
    },
    {
      "module": "module.load-balancer",
      "mode": "managed",
      "type": "azurerm_lb",
      "name": "main",
      "provider": "provider[\"registry.terraform.io/hashicorp/azurerm\"]",
      "instances": [
        {
          "schema_version": 0,
          "attributes": {
            "frontend_ip_configuration": [
              {
                "availability_zone": "No-Zone",
                "gateway_load_balancer_frontend_ip_configuration_id": "",
                "id": "/subscriptions/b5d78098-fdad-47e1-b1ee-ecaab2031eb1/resourceGroups/Personal/providers/Microsoft.Network/loadBalancers/lb-hub-shared-frc-001/frontendIPConfigurations/privateip-lb-hub-shared-frc-001",
                "inbound_nat_rules": [],
                "load_balancer_rules": [],
                "name": "privateip-lb-hub-shared-frc-001",
                "outbound_rules": [],
                "private_ip_address": "10.1.0.20",
                "private_ip_address_allocation": "Static",
                "private_ip_address_version": "IPv4",
                "public_ip_address_id": "",
                "public_ip_prefix_id": "",
                "subnet_id": "/subscriptions/b5d78098-fdad-47e1-b1ee-ecaab2031eb1/resourceGroups/Personal/providers/Microsoft.Network/virtualNetworks/Personal-vnet/subnets/default",
                "zones": []
              }
            ],
            "id": "/subscriptions/b5d78098-fdad-47e1-b1ee-ecaab2031eb1/resourceGroups/Personal/providers/Microsoft.Network/loadBalancers/lb-hub-shared-frc-001",
            "location": "westeurope",
            "name": "lb-hub-shared-frc-001",
            "private_ip_address": "10.1.0.20",
            "private_ip_addresses": [
              "10.1.0.20"
            ],
            "resource_group_name": "Personal",
            "sku": "Basic",
            "sku_tier": "Regional",
            "tags": {
              "BackupEnabled": "",
              "Cloud": "Azure",
              "CostCenter": "",
              "CreationDate": "05/01/2022",
              "Department": "Networking",
              "Environment": "Production",
              "ExpirationDate": "Never",
              "MaintenanceWindows": "Yes",
              "Owner": "",
              "SLA": "",
              "Service": "",
              "SupportTeam": "Fujin"
            },
            "timeouts": null
          },
          "sensitive_attributes": [],
          "private": "eyJlMmJmYjczMC1lY2FhLTExZTYtOGY4OC0zNDM2M2JjN2M0YzAiOnsiY3JlYXRlIjoxODAwMDAwMDAwMDAwLCJkZWxldGUiOjE4MDAwMDAwMDAwMDAsInJlYWQiOjMwMDAwMDAwMDAwMCwidXBkYXRlIjoxODAwMDAwMDAwMDAwfX0="
        }
      ]
    },
    {
      "module": "module.load-balancer",
      "mode": "managed",
      "type": "azurerm_lb_backend_address_pool",
      "name": "main",
      "provider": "provider[\"registry.terraform.io/hashicorp/azurerm\"]",
      "instances": [
        {
          "schema_version": 0,
          "attributes": {
            "backend_address": [],
            "backend_ip_configurations": [],
            "id": "/subscriptions/b5d78098-fdad-47e1-b1ee-ecaab2031eb1/resourceGroups/Personal/providers/Microsoft.Network/loadBalancers/lb-hub-shared-frc-001/backendAddressPools/bp-lb-hub-shared-frc-001",
            "load_balancing_rules": [],
            "loadbalancer_id": "/subscriptions/b5d78098-fdad-47e1-b1ee-ecaab2031eb1/resourceGroups/Personal/providers/Microsoft.Network/loadBalancers/lb-hub-shared-frc-001",
            "name": "bp-lb-hub-shared-frc-001",
            "outbound_rules": [],
            "resource_group_name": "Personal",
            "timeouts": null,
            "tunnel_interface": []
          },
          "sensitive_attributes": [],
          "private": "eyJlMmJmYjczMC1lY2FhLTExZTYtOGY4OC0zNDM2M2JjN2M0YzAiOnsiY3JlYXRlIjoxODAwMDAwMDAwMDAwLCJkZWxldGUiOjE4MDAwMDAwMDAwMDAsInJlYWQiOjMwMDAwMDAwMDAwMCwidXBkYXRlIjoxODAwMDAwMDAwMDAwfX0=",
          "dependencies": [
            "module.load-balancer.azurerm_lb.main"
          ]
        }
      ]
    },
    {
      "module": "module.load-balancer",
      "mode": "managed",
      "type": "azurerm_lb_probe",
      "name": "main",
      "provider": "provider[\"registry.terraform.io/hashicorp/azurerm\"]",
      "instances": [
        {
          "schema_version": 0,
          "attributes": {
            "id": "/subscriptions/b5d78098-fdad-47e1-b1ee-ecaab2031eb1/resourceGroups/Personal/providers/Microsoft.Network/loadBalancers/lb-hub-shared-frc-001/probes/hp-lb-hub-shared-frc-001",
            "interval_in_seconds": 15,
            "load_balancer_rules": [],
            "loadbalancer_id": "/subscriptions/b5d78098-fdad-47e1-b1ee-ecaab2031eb1/resourceGroups/Personal/providers/Microsoft.Network/loadBalancers/lb-hub-shared-frc-001",
            "name": "hp-lb-hub-shared-frc-001",
            "number_of_probes": 2,
            "port": 3389,
            "protocol": "Tcp",
            "request_path": "",
            "resource_group_name": "Personal",
            "timeouts": null
          },
          "sensitive_attributes": [],
          "private": "eyJlMmJmYjczMC1lY2FhLTExZTYtOGY4OC0zNDM2M2JjN2M0YzAiOnsiY3JlYXRlIjoxODAwMDAwMDAwMDAwLCJkZWxldGUiOjE4MDAwMDAwMDAwMDAsInJlYWQiOjMwMDAwMDAwMDAwMCwidXBkYXRlIjoxODAwMDAwMDAwMDAwfX0=",
          "dependencies": [
            "module.load-balancer.azurerm_lb.main"
          ]
        }
      ]
    },
    {
      "module": "module.load-balancer",
      "mode": "managed",
      "type": "azurerm_lb_rule",
      "name": "main",
      "provider": "provider[\"registry.terraform.io/hashicorp/azurerm\"]",
      "instances": [
        {
          "schema_version": 0,
          "attributes": {
            "backend_address_pool_id": "/subscriptions/b5d78098-fdad-47e1-b1ee-ecaab2031eb1/resourceGroups/Personal/providers/Microsoft.Network/loadBalancers/lb-hub-shared-frc-001/backendAddressPools/bp-lb-hub-shared-frc-001",
            "backend_address_pool_ids": [
              "/subscriptions/b5d78098-fdad-47e1-b1ee-ecaab2031eb1/resourceGroups/Personal/providers/Microsoft.Network/loadBalancers/lb-hub-shared-frc-001/backendAddressPools/bp-lb-hub-shared-frc-001"
            ],
            "backend_port": 3389,
            "disable_outbound_snat": false,
            "enable_floating_ip": false,
            "enable_tcp_reset": false,
            "frontend_ip_configuration_id": "/subscriptions/b5d78098-fdad-47e1-b1ee-ecaab2031eb1/resourceGroups/Personal/providers/Microsoft.Network/loadBalancers/lb-hub-shared-frc-001/frontendIPConfigurations/privateip-lb-hub-shared-frc-001",
            "frontend_ip_configuration_name": "privateip-lb-hub-shared-frc-001",
            "frontend_port": 3389,
            "id": "/subscriptions/b5d78098-fdad-47e1-b1ee-ecaab2031eb1/resourceGroups/Personal/providers/Microsoft.Network/loadBalancers/lb-hub-shared-frc-001/loadBalancingRules/lbr-lb-hub-shared-frc-001",
            "idle_timeout_in_minutes": 4,
            "load_distribution": "Default",
            "loadbalancer_id": "/subscriptions/b5d78098-fdad-47e1-b1ee-ecaab2031eb1/resourceGroups/Personal/providers/Microsoft.Network/loadBalancers/lb-hub-shared-frc-001",
            "name": "lbr-lb-hub-shared-frc-001",
            "probe_id": "/subscriptions/b5d78098-fdad-47e1-b1ee-ecaab2031eb1/resourceGroups/Personal/providers/Microsoft.Network/loadBalancers/lb-hub-shared-frc-001/probes/hp-lb-hub-shared-frc-001",
            "protocol": "Tcp",
            "resource_group_name": "Personal",
            "timeouts": null
          },
          "sensitive_attributes": [],
          "private": "eyJlMmJmYjczMC1lY2FhLTExZTYtOGY4OC0zNDM2M2JjN2M0YzAiOnsiY3JlYXRlIjoxODAwMDAwMDAwMDAwLCJkZWxldGUiOjE4MDAwMDAwMDAwMDAsInJlYWQiOjMwMDAwMDAwMDAwMCwidXBkYXRlIjoxODAwMDAwMDAwMDAwfX0=",
          "dependencies": [
            "module.load-balancer.azurerm_lb.main",
            "module.load-balancer.azurerm_lb_backend_address_pool.main",
            "module.load-balancer.azurerm_lb_probe.main"
          ]
        }
      ]
    },
    {
      "module": "module.load-balancer",
      "mode": "managed",
      "type": "azurerm_network_interface_backend_address_pool_association",
      "name": "vm1",
      "provider": "provider[\"registry.terraform.io/hashicorp/azurerm\"]",
      "instances": [
        {
          "schema_version": 0,
          "attributes": {
            "backend_address_pool_id": "/subscriptions/b5d78098-fdad-47e1-b1ee-ecaab2031eb1/resourceGroups/Personal/providers/Microsoft.Network/loadBalancers/lb-hub-shared-frc-001/backendAddressPools/bp-lb-hub-shared-frc-001",
            "id": "/subscriptions/b5d78098-fdad-47e1-b1ee-ecaab2031eb1/resourceGroups/Personal/providers/Microsoft.Network/networkInterfaces/ofzlp-dns001-ni2/ipConfigurations/ofzlp-dns001-privateip|/subscriptions/b5d78098-fdad-47e1-b1ee-ecaab2031eb1/resourceGroups/Personal/providers/Microsoft.Network/loadBalancers/lb-hub-shared-frc-001/backendAddressPools/bp-lb-hub-shared-frc-001",
            "ip_configuration_name": "ofzlp-dns001-privateip",
            "network_interface_id": "/subscriptions/b5d78098-fdad-47e1-b1ee-ecaab2031eb1/resourceGroups/Personal/providers/Microsoft.Network/networkInterfaces/ofzlp-dns001-ni2",
            "timeouts": null
          },
          "sensitive_attributes": [],
          "private": "eyJlMmJmYjczMC1lY2FhLTExZTYtOGY4OC0zNDM2M2JjN2M0YzAiOnsiY3JlYXRlIjoxODAwMDAwMDAwMDAwLCJkZWxldGUiOjE4MDAwMDAwMDAwMDAsInJlYWQiOjMwMDAwMDAwMDAwMCwidXBkYXRlIjoxODAwMDAwMDAwMDAwfX0=",
          "dependencies": [
            "module.load-balancer.azurerm_lb.main",
            "module.load-balancer.azurerm_lb_backend_address_pool.main",
            "module.virtual-machine-1.azurerm_network_interface.main",
            "module.virtual-machine-1.azurerm_public_ip.main"
          ]
        }
      ]
    },
    {
      "module": "module.load-balancer",
      "mode": "managed",
      "type": "azurerm_network_interface_backend_address_pool_association",
      "name": "vm2",
      "provider": "provider[\"registry.terraform.io/hashicorp/azurerm\"]",
      "instances": [
        {
          "schema_version": 0,
          "attributes": {
            "backend_address_pool_id": "/subscriptions/b5d78098-fdad-47e1-b1ee-ecaab2031eb1/resourceGroups/Personal/providers/Microsoft.Network/loadBalancers/lb-hub-shared-frc-001/backendAddressPools/bp-lb-hub-shared-frc-001",
            "id": "/subscriptions/b5d78098-fdad-47e1-b1ee-ecaab2031eb1/resourceGroups/Personal/providers/Microsoft.Network/networkInterfaces/ofzlp-dns002-ni2/ipConfigurations/ofzlp-dns002-privateip|/subscriptions/b5d78098-fdad-47e1-b1ee-ecaab2031eb1/resourceGroups/Personal/providers/Microsoft.Network/loadBalancers/lb-hub-shared-frc-001/backendAddressPools/bp-lb-hub-shared-frc-001",
            "ip_configuration_name": "ofzlp-dns002-privateip",
            "network_interface_id": "/subscriptions/b5d78098-fdad-47e1-b1ee-ecaab2031eb1/resourceGroups/Personal/providers/Microsoft.Network/networkInterfaces/ofzlp-dns002-ni2",
            "timeouts": null
          },
          "sensitive_attributes": [],
          "private": "eyJlMmJmYjczMC1lY2FhLTExZTYtOGY4OC0zNDM2M2JjN2M0YzAiOnsiY3JlYXRlIjoxODAwMDAwMDAwMDAwLCJkZWxldGUiOjE4MDAwMDAwMDAwMDAsInJlYWQiOjMwMDAwMDAwMDAwMCwidXBkYXRlIjoxODAwMDAwMDAwMDAwfX0=",
          "dependencies": [
            "module.load-balancer.azurerm_lb.main",
            "module.load-balancer.azurerm_lb_backend_address_pool.main",
            "module.virtual-machine-2.azurerm_network_interface.main",
            "module.virtual-machine-2.azurerm_public_ip.main"
          ]
        }
      ]
    },
    {
      "module": "module.recovery-services-vault",
      "mode": "managed",
      "type": "azurerm_backup_policy_vm",
      "name": "dns",
      "provider": "provider[\"registry.terraform.io/hashicorp/azurerm\"]",
      "instances": [
        {
          "schema_version": 0,
          "attributes": {
            "backup": [
              {
                "frequency": "Daily",
                "time": "23:00",
                "weekdays": null
              }
            ],
            "id": "/subscriptions/b5d78098-fdad-47e1-b1ee-ecaab2031eb1/resourceGroups/Personal/providers/Microsoft.RecoveryServices/vaults/rsv-hub-shared-frc-001/backupPolicies/dns-vm-recovery-vault-policy",
            "instant_restore_retention_days": 2,
            "name": "dns-vm-recovery-vault-policy",
            "recovery_vault_name": "rsv-hub-shared-frc-001",
            "resource_group_name": "Personal",
            "retention_daily": [
              {
                "count": 10
              }
            ],
            "retention_monthly": [
              {
                "count": 7,
                "weekdays": [
                  "Sunday",
                  "Wednesday"
                ],
                "weeks": [
                  "First",
                  "Last"
                ]
              }
            ],
            "retention_weekly": [
              {
                "count": 42,
                "weekdays": [
                  "Friday",
                  "Saturday",
                  "Sunday",
                  "Wednesday"
                ]
              }
            ],
            "retention_yearly": [
              {
                "count": 77,
                "months": [
                  "January"
                ],
                "weekdays": [
                  "Sunday"
                ],
                "weeks": [
                  "Last"
                ]
              }
            ],
            "tags": null,
            "timeouts": null,
            "timezone": "UTC"
          },
          "sensitive_attributes": [],
          "private": "eyJlMmJmYjczMC1lY2FhLTExZTYtOGY4OC0zNDM2M2JjN2M0YzAiOnsiY3JlYXRlIjoxODAwMDAwMDAwMDAwLCJkZWxldGUiOjE4MDAwMDAwMDAwMDAsInJlYWQiOjMwMDAwMDAwMDAwMCwidXBkYXRlIjoxODAwMDAwMDAwMDAwfX0=",
          "dependencies": [
            "module.recovery-services-vault.azurerm_recovery_services_vault.main"
          ]
        }
      ]
    },
    {
      "module": "module.recovery-services-vault",
      "mode": "managed",
      "type": "azurerm_recovery_services_vault",
      "name": "main",
      "provider": "provider[\"registry.terraform.io/hashicorp/azurerm\"]",
      "instances": [
        {
          "schema_version": 0,
          "attributes": {
            "cross_region_restore_enabled": false,
            "encryption": [],
            "id": "/subscriptions/b5d78098-fdad-47e1-b1ee-ecaab2031eb1/resourceGroups/Personal/providers/Microsoft.RecoveryServices/vaults/rsv-hub-shared-frc-001",
            "identity": [],
            "location": "westeurope",
            "name": "rsv-hub-shared-frc-001",
            "resource_group_name": "Personal",
            "sku": "Standard",
            "soft_delete_enabled": false,
            "storage_mode_type": "GeoRedundant",
            "tags": {
              "BackupEnabled": "",
              "Cloud": "Azure",
              "CostCenter": "",
              "CreationDate": "05/01/2022",
              "Department": "Networking",
              "Environment": "Production",
              "ExpirationDate": "Never",
              "MaintenanceWindows": "Yes",
              "Owner": "",
              "SLA": "",
              "Service": "",
              "SupportTeam": "Fujin"
            },
            "timeouts": null
          },
          "sensitive_attributes": [],
          "private": "eyJlMmJmYjczMC1lY2FhLTExZTYtOGY4OC0zNDM2M2JjN2M0YzAiOnsiY3JlYXRlIjoxODAwMDAwMDAwMDAwLCJkZWxldGUiOjE4MDAwMDAwMDAwMDAsInJlYWQiOjMwMDAwMDAwMDAwMCwidXBkYXRlIjoxODAwMDAwMDAwMDAwfX0="
        }
      ]
    },
    {
      "module": "module.storage-blob",
      "mode": "managed",
      "type": "azurerm_storage_blob",
      "name": "main",
      "provider": "provider[\"registry.terraform.io/hashicorp/azurerm\"]",
      "instances": [
        {
          "schema_version": 1,
          "attributes": {
            "access_tier": "Hot",
            "cache_control": "",
            "content_md5": "",
            "content_type": "application/octet-stream",
            "id": "https://sahubsharedfrc001.blob.core.windows.net/scripts/dns_script.sh",
            "metadata": {},
            "name": "dns_script.sh",
            "parallelism": 8,
            "size": 0,
            "source": "./dns_script.sh",
            "source_content": null,
            "source_uri": null,
            "storage_account_name": "sahubsharedfrc001",
            "storage_container_name": "scripts",
            "timeouts": null,
            "type": "Block",
            "url": "https://sahubsharedfrc001.blob.core.windows.net/scripts/dns_script.sh"
          },
          "sensitive_attributes": [],
          "private": "eyJlMmJmYjczMC1lY2FhLTExZTYtOGY4OC0zNDM2M2JjN2M0YzAiOnsiY3JlYXRlIjoxODAwMDAwMDAwMDAwLCJkZWxldGUiOjE4MDAwMDAwMDAwMDAsInJlYWQiOjMwMDAwMDAwMDAwMCwidXBkYXRlIjoxODAwMDAwMDAwMDAwfSwic2NoZW1hX3ZlcnNpb24iOiIxIn0=",
          "dependencies": [
            "module.storage_account.azurerm_storage_account.main",
            "module.storage_account.azurerm_storage_container.scripts"
          ]
        }
      ]
    },
    {
      "module": "module.storage_account",
      "mode": "managed",
      "type": "azurerm_storage_account",
      "name": "main",
      "provider": "provider[\"registry.terraform.io/hashicorp/azurerm\"]",
      "instances": [
        {
          "schema_version": 2,
          "attributes": {
            "access_tier": "Hot",
            "account_kind": "StorageV2",
            "account_replication_type": "LRS",
            "account_tier": "Standard",
            "allow_blob_public_access": true,
            "azure_files_authentication": [],
            "blob_properties": [
              {
                "change_feed_enabled": false,
                "container_delete_retention_policy": [],
                "cors_rule": [],
                "default_service_version": "",
                "delete_retention_policy": [],
                "last_access_time_enabled": false,
                "versioning_enabled": false
              }
            ],
            "custom_domain": [],
            "customer_managed_key": [],
            "enable_https_traffic_only": true,
            "id": "/subscriptions/b5d78098-fdad-47e1-b1ee-ecaab2031eb1/resourceGroups/Personal/providers/Microsoft.Storage/storageAccounts/sahubsharedfrc001",
            "identity": [],
            "infrastructure_encryption_enabled": false,
            "is_hns_enabled": false,
            "large_file_share_enabled": null,
            "location": "westeurope",
            "min_tls_version": "TLS1_0",
            "name": "sahubsharedfrc001",
            "network_rules": [
              {
                "bypass": [
                  "AzureServices"
                ],
                "default_action": "Allow",
                "ip_rules": [],
                "private_link_access": [],
                "virtual_network_subnet_ids": []
              }
            ],
            "nfsv3_enabled": false,
            "primary_access_key": "2sbIgTukValwBqlwD+OCHIGCqSfLzobJJHlEpHmBebtAZ4NuOSl6H5qJg0u3IcC/SWTMILv24lU96ZBgorZDfw==",
            "primary_blob_connection_string": "DefaultEndpointsProtocol=https;BlobEndpoint=https://sahubsharedfrc001.blob.core.windows.net/;AccountName=sahubsharedfrc001;AccountKey=2sbIgTukValwBqlwD+OCHIGCqSfLzobJJHlEpHmBebtAZ4NuOSl6H5qJg0u3IcC/SWTMILv24lU96ZBgorZDfw==",
            "primary_blob_endpoint": "https://sahubsharedfrc001.blob.core.windows.net/",
            "primary_blob_host": "sahubsharedfrc001.blob.core.windows.net",
            "primary_connection_string": "DefaultEndpointsProtocol=https;AccountName=sahubsharedfrc001;AccountKey=2sbIgTukValwBqlwD+OCHIGCqSfLzobJJHlEpHmBebtAZ4NuOSl6H5qJg0u3IcC/SWTMILv24lU96ZBgorZDfw==;EndpointSuffix=core.windows.net",
            "primary_dfs_endpoint": "https://sahubsharedfrc001.dfs.core.windows.net/",
            "primary_dfs_host": "sahubsharedfrc001.dfs.core.windows.net",
            "primary_file_endpoint": "https://sahubsharedfrc001.file.core.windows.net/",
            "primary_file_host": "sahubsharedfrc001.file.core.windows.net",
            "primary_location": "westeurope",
            "primary_queue_endpoint": "https://sahubsharedfrc001.queue.core.windows.net/",
            "primary_queue_host": "sahubsharedfrc001.queue.core.windows.net",
            "primary_table_endpoint": "https://sahubsharedfrc001.table.core.windows.net/",
            "primary_table_host": "sahubsharedfrc001.table.core.windows.net",
            "primary_web_endpoint": "https://sahubsharedfrc001.z6.web.core.windows.net/",
            "primary_web_host": "sahubsharedfrc001.z6.web.core.windows.net",
            "queue_encryption_key_type": "Service",
            "queue_properties": [
              {
                "cors_rule": [],
                "hour_metrics": [
                  {
                    "enabled": true,
                    "include_apis": true,
                    "retention_policy_days": 7,
                    "version": "1.0"
                  }
                ],
                "logging": [
                  {
                    "delete": false,
                    "read": false,
                    "retention_policy_days": 0,
                    "version": "1.0",
                    "write": false
                  }
                ],
                "minute_metrics": [
                  {
                    "enabled": false,
                    "include_apis": false,
                    "retention_policy_days": 0,
                    "version": "1.0"
                  }
                ]
              }
            ],
            "resource_group_name": "Personal",
            "routing": [],
            "secondary_access_key": "AQlt3miY/7b3dojY+pyKDRcmJXB8/ealy6GqUMYcWQDpMyijpmF0fCJKKqWDaxENhrdbW4bNfokyf/Q8Xhinkg==",
            "secondary_blob_connection_string": "",
            "secondary_blob_endpoint": null,
            "secondary_blob_host": null,
            "secondary_connection_string": "DefaultEndpointsProtocol=https;AccountName=sahubsharedfrc001;AccountKey=AQlt3miY/7b3dojY+pyKDRcmJXB8/ealy6GqUMYcWQDpMyijpmF0fCJKKqWDaxENhrdbW4bNfokyf/Q8Xhinkg==;EndpointSuffix=core.windows.net",
            "secondary_dfs_endpoint": null,
            "secondary_dfs_host": null,
            "secondary_file_endpoint": null,
            "secondary_file_host": null,
            "secondary_location": "",
            "secondary_queue_endpoint": null,
            "secondary_queue_host": null,
            "secondary_table_endpoint": null,
            "secondary_table_host": null,
            "secondary_web_endpoint": null,
            "secondary_web_host": null,
            "share_properties": [
              {
                "cors_rule": [],
                "retention_policy": [
                  {
                    "days": 7
                  }
                ],
                "smb": []
              }
            ],
            "shared_access_key_enabled": true,
            "static_website": [],
            "table_encryption_key_type": "Service",
            "tags": null,
            "timeouts": null
          },
          "sensitive_attributes": [],
          "private": "eyJlMmJmYjczMC1lY2FhLTExZTYtOGY4OC0zNDM2M2JjN2M0YzAiOnsiY3JlYXRlIjozNjAwMDAwMDAwMDAwLCJkZWxldGUiOjM2MDAwMDAwMDAwMDAsInJlYWQiOjMwMDAwMDAwMDAwMCwidXBkYXRlIjozNjAwMDAwMDAwMDAwfSwic2NoZW1hX3ZlcnNpb24iOiIyIn0="
        }
      ]
    },
    {
      "module": "module.storage_account",
      "mode": "managed",
      "type": "azurerm_storage_container",
      "name": "scripts",
      "provider": "provider[\"registry.terraform.io/hashicorp/azurerm\"]",
      "instances": [
        {
          "schema_version": 1,
          "attributes": {
            "container_access_type": "container",
            "has_immutability_policy": false,
            "has_legal_hold": false,
            "id": "https://sahubsharedfrc001.blob.core.windows.net/scripts",
            "metadata": {},
            "name": "scripts",
            "resource_manager_id": "/subscriptions/b5d78098-fdad-47e1-b1ee-ecaab2031eb1/resourceGroups/Personal/providers/Microsoft.Storage/storageAccounts/sahubsharedfrc001/blobServices/default/containers/scripts",
            "storage_account_name": "sahubsharedfrc001",
            "timeouts": null
          },
          "sensitive_attributes": [],
          "private": "eyJlMmJmYjczMC1lY2FhLTExZTYtOGY4OC0zNDM2M2JjN2M0YzAiOnsiY3JlYXRlIjoxODAwMDAwMDAwMDAwLCJkZWxldGUiOjE4MDAwMDAwMDAwMDAsInJlYWQiOjMwMDAwMDAwMDAwMCwidXBkYXRlIjoxODAwMDAwMDAwMDAwfSwic2NoZW1hX3ZlcnNpb24iOiIxIn0=",
          "dependencies": [
            "module.storage_account.azurerm_storage_account.main"
          ]
        }
      ]
    },
    {
      "module": "module.virtual-machine-1",
      "mode": "managed",
      "type": "azurerm_network_interface",
      "name": "main",
      "provider": "provider[\"registry.terraform.io/hashicorp/azurerm\"]",
      "instances": [
        {
          "schema_version": 0,
          "attributes": {
            "applied_dns_servers": [],
            "dns_servers": [],
            "enable_accelerated_networking": false,
            "enable_ip_forwarding": false,
            "id": "/subscriptions/b5d78098-fdad-47e1-b1ee-ecaab2031eb1/resourceGroups/Personal/providers/Microsoft.Network/networkInterfaces/ofzlp-dns001-ni2",
            "internal_dns_name_label": "",
            "internal_domain_name_suffix": "e3bcx1hobkiubhcba2rvovztvg.ax.internal.cloudapp.net",
            "ip_configuration": [
              {
                "gateway_load_balancer_frontend_ip_configuration_id": "",
                "name": "ofzlp-dns001-privateip",
                "primary": true,
                "private_ip_address": "10.1.0.6",
                "private_ip_address_allocation": "Dynamic",
                "private_ip_address_version": "IPv4",
                "public_ip_address_id": "",
                "subnet_id": "/subscriptions/b5d78098-fdad-47e1-b1ee-ecaab2031eb1/resourceGroups/Personal/providers/Microsoft.Network/virtualNetworks/Personal-vnet/subnets/default"
              }
            ],
            "location": "westeurope",
            "mac_address": "",
            "name": "ofzlp-dns001-ni2",
            "private_ip_address": "10.1.0.6",
            "private_ip_addresses": [
              "10.1.0.6"
            ],
            "resource_group_name": "Personal",
            "tags": {
              "BackupEnabled": "",
              "Cloud": "Azure",
              "CostCenter": "",
              "CreationDate": "05/01/2022",
              "Department": "Networking",
              "Environment": "Production",
              "ExpirationDate": "Never",
              "MaintenanceWindows": "Yes",
              "Owner": "",
              "SLA": "",
              "Service": "",
              "SupportTeam": "Fujin"
            },
            "timeouts": null,
            "virtual_machine_id": ""
          },
          "sensitive_attributes": [],
          "private": "eyJlMmJmYjczMC1lY2FhLTExZTYtOGY4OC0zNDM2M2JjN2M0YzAiOnsiY3JlYXRlIjoxODAwMDAwMDAwMDAwLCJkZWxldGUiOjE4MDAwMDAwMDAwMDAsInJlYWQiOjMwMDAwMDAwMDAwMCwidXBkYXRlIjoxODAwMDAwMDAwMDAwfX0=",
          "dependencies": [
            "module.virtual-machine-1.azurerm_public_ip.main"
          ]
        }
      ]
    },
    {
      "module": "module.virtual-machine-1",
      "mode": "managed",
      "type": "azurerm_public_ip",
      "name": "main",
      "provider": "provider[\"registry.terraform.io/hashicorp/azurerm\"]",
      "instances": []
    },
    {
      "module": "module.virtual-machine-1",
      "mode": "managed",
      "type": "azurerm_virtual_machine",
      "name": "main",
      "provider": "provider[\"registry.terraform.io/hashicorp/azurerm\"]",
      "instances": [
        {
          "schema_version": 0,
          "attributes": {
            "additional_capabilities": [],
            "availability_set_id": "/subscriptions/b5d78098-fdad-47e1-b1ee-ecaab2031eb1/resourcegroups/personal/providers/microsoft.compute/availabilitysets/ashubdnsfrc001",
            "boot_diagnostics": [
              {
                "enabled": true,
                "storage_uri": "https://sahubsharedfrc001.blob.core.windows.net"
              }
            ],
            "delete_data_disks_on_termination": true,
            "delete_os_disk_on_termination": true,
            "id": "/subscriptions/b5d78098-fdad-47e1-b1ee-ecaab2031eb1/resourceGroups/Personal/providers/Microsoft.Compute/virtualMachines/ofzlp-dns001",
            "identity": [
              {
                "identity_ids": [],
                "principal_id": "ff2217d3-c8cd-42ae-b461-a34e4e988ad9",
                "type": "SystemAssigned"
              }
            ],
            "license_type": null,
            "location": "westeurope",
            "name": "ofzlp-dns001",
            "network_interface_ids": [
              "/subscriptions/b5d78098-fdad-47e1-b1ee-ecaab2031eb1/resourceGroups/Personal/providers/Microsoft.Network/networkInterfaces/ofzlp-dns001-ni2"
            ],
            "os_profile": [
              {
                "admin_password": "",
                "admin_username": "fujitsu",
                "computer_name": "ofzlp-dns001",
                "custom_data": ""
              }
            ],
            "os_profile_linux_config": [
              {
                "disable_password_authentication": false,
                "ssh_keys": []
              }
            ],
            "os_profile_secrets": [],
            "os_profile_windows_config": [],
            "plan": [],
            "primary_network_interface_id": null,
            "proximity_placement_group_id": null,
            "resource_group_name": "Personal",
            "storage_data_disk": [],
            "storage_image_reference": [
              {
                "id": "",
                "offer": "Oracle-Linux",
                "publisher": "Oracle",
                "sku": "ol85-lvm-gen2",
                "version": "latest"
              }
            ],
            "storage_os_disk": [
              {
                "caching": "ReadWrite",
                "create_option": "FromImage",
                "disk_size_gb": 30,
                "image_uri": "",
                "managed_disk_id": "/subscriptions/b5d78098-fdad-47e1-b1ee-ecaab2031eb1/resourceGroups/Personal/providers/Microsoft.Compute/disks/ofzlp-dns001-OsDisk",
                "managed_disk_type": "Standard_LRS",
                "name": "ofzlp-dns001-OsDisk",
                "os_type": "Linux",
                "vhd_uri": "",
                "write_accelerator_enabled": false
              }
            ],
            "tags": {
              "BackupEnabled": "",
              "Cloud": "Azure",
              "CostCenter": "",
              "CreationDate": "05/01/2022",
              "Department": "Networking",
              "Environment": "Production",
              "ExpirationDate": "Never",
              "MaintenanceWindows": "Yes",
              "Owner": "",
              "SLA": "",
              "Service": "",
              "SupportTeam": "Fujin"
            },
            "timeouts": null,
            "vm_size": "Standard_DS1_v2",
            "zones": null
          },
          "sensitive_attributes": [],
          "private": "eyJlMmJmYjczMC1lY2FhLTExZTYtOGY4OC0zNDM2M2JjN2M0YzAiOnsiY3JlYXRlIjozNjAwMDAwMDAwMDAwLCJkZWxldGUiOjM2MDAwMDAwMDAwMDAsInJlYWQiOjMwMDAwMDAwMDAwMCwidXBkYXRlIjozNjAwMDAwMDAwMDAwfX0=",
          "dependencies": [
            "module.availability-set.azurerm_availability_set.main",
            "module.storage_account.azurerm_storage_account.main",
            "module.virtual-machine-1.azurerm_network_interface.main",
            "module.virtual-machine-1.azurerm_public_ip.main"
          ]
        }
      ]
    },
    {
      "module": "module.virtual-machine-1",
      "mode": "managed",
      "type": "azurerm_virtual_machine_extension",
      "name": "main",
      "provider": "provider[\"registry.terraform.io/hashicorp/azurerm\"]",
      "instances": [
        {
          "schema_version": 0,
          "attributes": {
            "auto_upgrade_minor_version": false,
            "automatic_upgrade_enabled": false,
            "id": "/subscriptions/b5d78098-fdad-47e1-b1ee-ecaab2031eb1/resourceGroups/Personal/providers/Microsoft.Compute/virtualMachines/ofzlp-dns001/extensions/BIND-DNS-EUIPO-Extension",
            "name": "BIND-DNS-EUIPO-Extension",
            "protected_settings": null,
            "publisher": "Microsoft.Azure.Extensions",
            "settings": "{\"commandToExecute\":\"sh dns_script.sh\",\"fileUris\":[\"https://sahubsharedfrc001.blob.core.windows.net/scripts/dns_script.sh\"]}",
            "tags": null,
            "timeouts": null,
            "type": "CustomScript",
            "type_handler_version": "2.1",
            "virtual_machine_id": "/subscriptions/b5d78098-fdad-47e1-b1ee-ecaab2031eb1/resourceGroups/Personal/providers/Microsoft.Compute/virtualMachines/ofzlp-dns001"
          },
          "sensitive_attributes": [],
          "private": "eyJlMmJmYjczMC1lY2FhLTExZTYtOGY4OC0zNDM2M2JjN2M0YzAiOnsiY3JlYXRlIjoxODAwMDAwMDAwMDAwLCJkZWxldGUiOjE4MDAwMDAwMDAwMDAsInJlYWQiOjMwMDAwMDAwMDAwMCwidXBkYXRlIjoxODAwMDAwMDAwMDAwfX0=",
          "dependencies": [
            "module.availability-set.azurerm_availability_set.main",
            "module.storage-blob.azurerm_storage_blob.main",
            "module.storage_account.azurerm_storage_account.main",
            "module.storage_account.azurerm_storage_container.scripts",
            "module.virtual-machine-1.azurerm_network_interface.main",
            "module.virtual-machine-1.azurerm_public_ip.main",
            "module.virtual-machine-1.azurerm_virtual_machine.main"
          ]
        }
      ]
    },
    {
      "module": "module.virtual-machine-2",
      "mode": "managed",
      "type": "azurerm_network_interface",
      "name": "main",
      "provider": "provider[\"registry.terraform.io/hashicorp/azurerm\"]",
      "instances": [
        {
          "schema_version": 0,
          "attributes": {
            "applied_dns_servers": [],
            "dns_servers": [],
            "enable_accelerated_networking": false,
            "enable_ip_forwarding": false,
            "id": "/subscriptions/b5d78098-fdad-47e1-b1ee-ecaab2031eb1/resourceGroups/Personal/providers/Microsoft.Network/networkInterfaces/ofzlp-dns002-ni2",
            "internal_dns_name_label": "",
            "internal_domain_name_suffix": "e3bcx1hobkiubhcba2rvovztvg.ax.internal.cloudapp.net",
            "ip_configuration": [
              {
                "gateway_load_balancer_frontend_ip_configuration_id": "",
                "name": "ofzlp-dns002-privateip",
                "primary": true,
                "private_ip_address": "10.1.0.5",
                "private_ip_address_allocation": "Dynamic",
                "private_ip_address_version": "IPv4",
                "public_ip_address_id": "",
                "subnet_id": "/subscriptions/b5d78098-fdad-47e1-b1ee-ecaab2031eb1/resourceGroups/Personal/providers/Microsoft.Network/virtualNetworks/Personal-vnet/subnets/default"
              }
            ],
            "location": "westeurope",
            "mac_address": "",
            "name": "ofzlp-dns002-ni2",
            "private_ip_address": "10.1.0.5",
            "private_ip_addresses": [
              "10.1.0.5"
            ],
            "resource_group_name": "Personal",
            "tags": {
              "BackupEnabled": "",
              "Cloud": "Azure",
              "CostCenter": "",
              "CreationDate": "05/01/2022",
              "Department": "Networking",
              "Environment": "Production",
              "ExpirationDate": "Never",
              "MaintenanceWindows": "Yes",
              "Owner": "",
              "SLA": "",
              "Service": "",
              "SupportTeam": "Fujin"
            },
            "timeouts": null,
            "virtual_machine_id": ""
          },
          "sensitive_attributes": [],
          "private": "eyJlMmJmYjczMC1lY2FhLTExZTYtOGY4OC0zNDM2M2JjN2M0YzAiOnsiY3JlYXRlIjoxODAwMDAwMDAwMDAwLCJkZWxldGUiOjE4MDAwMDAwMDAwMDAsInJlYWQiOjMwMDAwMDAwMDAwMCwidXBkYXRlIjoxODAwMDAwMDAwMDAwfX0=",
          "dependencies": [
            "module.virtual-machine-2.azurerm_public_ip.main"
          ]
        }
      ]
    },
    {
      "module": "module.virtual-machine-2",
      "mode": "managed",
      "type": "azurerm_public_ip",
      "name": "main",
      "provider": "provider[\"registry.terraform.io/hashicorp/azurerm\"]",
      "instances": []
    },
    {
      "module": "module.virtual-machine-2",
      "mode": "managed",
      "type": "azurerm_virtual_machine",
      "name": "main",
      "provider": "provider[\"registry.terraform.io/hashicorp/azurerm\"]",
      "instances": [
        {
          "schema_version": 0,
          "attributes": {
            "additional_capabilities": [],
            "availability_set_id": "/subscriptions/b5d78098-fdad-47e1-b1ee-ecaab2031eb1/resourcegroups/personal/providers/microsoft.compute/availabilitysets/ashubdnsfrc001",
            "boot_diagnostics": [
              {
                "enabled": true,
                "storage_uri": "https://sahubsharedfrc001.blob.core.windows.net"
              }
            ],
            "delete_data_disks_on_termination": true,
            "delete_os_disk_on_termination": true,
            "id": "/subscriptions/b5d78098-fdad-47e1-b1ee-ecaab2031eb1/resourceGroups/Personal/providers/Microsoft.Compute/virtualMachines/ofzlp-dns002",
            "identity": [
              {
                "identity_ids": [],
                "principal_id": "1043dd92-ed3a-4539-a9fa-af976bd0d962",
                "type": "SystemAssigned"
              }
            ],
            "license_type": null,
            "location": "westeurope",
            "name": "ofzlp-dns002",
            "network_interface_ids": [
              "/subscriptions/b5d78098-fdad-47e1-b1ee-ecaab2031eb1/resourceGroups/Personal/providers/Microsoft.Network/networkInterfaces/ofzlp-dns002-ni2"
            ],
            "os_profile": [
              {
                "admin_password": "",
                "admin_username": "fujitsu",
                "computer_name": "ofzlp-dns002",
                "custom_data": ""
              }
            ],
            "os_profile_linux_config": [
              {
                "disable_password_authentication": false,
                "ssh_keys": []
              }
            ],
            "os_profile_secrets": [],
            "os_profile_windows_config": [],
            "plan": [],
            "primary_network_interface_id": null,
            "proximity_placement_group_id": null,
            "resource_group_name": "Personal",
            "storage_data_disk": [],
            "storage_image_reference": [
              {
                "id": "",
                "offer": "Oracle-Linux",
                "publisher": "Oracle",
                "sku": "ol85-lvm-gen2",
                "version": "latest"
              }
            ],
            "storage_os_disk": [
              {
                "caching": "ReadWrite",
                "create_option": "FromImage",
                "disk_size_gb": 30,
                "image_uri": "",
                "managed_disk_id": "/subscriptions/b5d78098-fdad-47e1-b1ee-ecaab2031eb1/resourceGroups/Personal/providers/Microsoft.Compute/disks/ofzlp-dns002-OsDisk",
                "managed_disk_type": "Standard_LRS",
                "name": "ofzlp-dns002-OsDisk",
                "os_type": "Linux",
                "vhd_uri": "",
                "write_accelerator_enabled": false
              }
            ],
            "tags": {
              "BackupEnabled": "",
              "Cloud": "Azure",
              "CostCenter": "",
              "CreationDate": "05/01/2022",
              "Department": "Networking",
              "Environment": "Production",
              "ExpirationDate": "Never",
              "MaintenanceWindows": "Yes",
              "Owner": "",
              "SLA": "",
              "Service": "",
              "SupportTeam": "Fujin"
            },
            "timeouts": null,
            "vm_size": "Standard_DS1_v2",
            "zones": null
          },
          "sensitive_attributes": [],
          "private": "eyJlMmJmYjczMC1lY2FhLTExZTYtOGY4OC0zNDM2M2JjN2M0YzAiOnsiY3JlYXRlIjozNjAwMDAwMDAwMDAwLCJkZWxldGUiOjM2MDAwMDAwMDAwMDAsInJlYWQiOjMwMDAwMDAwMDAwMCwidXBkYXRlIjozNjAwMDAwMDAwMDAwfX0=",
          "dependencies": [
            "module.availability-set.azurerm_availability_set.main",
            "module.storage_account.azurerm_storage_account.main",
            "module.virtual-machine-2.azurerm_network_interface.main",
            "module.virtual-machine-2.azurerm_public_ip.main"
          ]
        }
      ]
    },
    {
      "module": "module.virtual-machine-2",
      "mode": "managed",
      "type": "azurerm_virtual_machine_extension",
      "name": "main",
      "provider": "provider[\"registry.terraform.io/hashicorp/azurerm\"]",
      "instances": [
        {
          "schema_version": 0,
          "attributes": {
            "auto_upgrade_minor_version": false,
            "automatic_upgrade_enabled": false,
            "id": "/subscriptions/b5d78098-fdad-47e1-b1ee-ecaab2031eb1/resourceGroups/Personal/providers/Microsoft.Compute/virtualMachines/ofzlp-dns002/extensions/BIND-DNS-EUIPO-Extension",
            "name": "BIND-DNS-EUIPO-Extension",
            "protected_settings": null,
            "publisher": "Microsoft.Azure.Extensions",
            "settings": "{\"commandToExecute\":\"sh dns_script.sh\",\"fileUris\":[\"https://sahubsharedfrc001.blob.core.windows.net/scripts/dns_script.sh\"]}",
            "tags": null,
            "timeouts": null,
            "type": "CustomScript",
            "type_handler_version": "2.1",
            "virtual_machine_id": "/subscriptions/b5d78098-fdad-47e1-b1ee-ecaab2031eb1/resourceGroups/Personal/providers/Microsoft.Compute/virtualMachines/ofzlp-dns002"
          },
          "sensitive_attributes": [],
          "private": "eyJlMmJmYjczMC1lY2FhLTExZTYtOGY4OC0zNDM2M2JjN2M0YzAiOnsiY3JlYXRlIjoxODAwMDAwMDAwMDAwLCJkZWxldGUiOjE4MDAwMDAwMDAwMDAsInJlYWQiOjMwMDAwMDAwMDAwMCwidXBkYXRlIjoxODAwMDAwMDAwMDAwfX0=",
          "dependencies": [
            "module.availability-set.azurerm_availability_set.main",
            "module.storage-blob.azurerm_storage_blob.main",
            "module.storage_account.azurerm_storage_account.main",
            "module.storage_account.azurerm_storage_container.scripts",
            "module.virtual-machine-2.azurerm_network_interface.main",
            "module.virtual-machine-2.azurerm_public_ip.main",
            "module.virtual-machine-2.azurerm_virtual_machine.main"
          ]
        }
      ]
    }
  ]
}
